
Microsoft Visual Studio Solution File, Format Version 12.00
# Visual Studio Version 17
VisualStudioVersion = 17.0.31903.59
MinimumVisualStudioVersion = 10.0.40219.1
Project("{FAE04EC0-301F-11D3-BF4B-00C04F79EFBC}") = "MapAndFold", "MapAndFold\MapAndFold.csproj", "{FFD76EE6-94BB-4D3A-8745-26C09256B602}"
EndProject
Project("{FAE04EC0-301F-11D3-BF4B-00C04F79EFBC}") = "MapAndFold.Tests", "MapAndFold.Tests\MapAndFold.Tests.csproj", "{FB28FE71-C4A8-4E72-949F-4ABF3809E2C6}"
EndProject
Global
	GlobalSection(SolutionConfigurationPlatforms) = preSolution
		Debug|Any CPU = Debug|Any CPU
		Release|Any CPU = Release|Any CPU
	EndGlobalSection
	GlobalSection(SolutionProperties) = preSolution
		HideSolutionNode = FALSE
	EndGlobalSection
	GlobalSection(ProjectConfigurationPlatforms) = postSolution
		{FFD76EE6-94BB-4D3A-8745-26C09256B602}.Debug|Any CPU.ActiveCfg = Debug|Any CPU
		{FFD76EE6-94BB-4D3A-8745-26C09256B602}.Debug|Any CPU.Build.0 = Debug|Any CPU
		{FFD76EE6-94BB-4D3A-8745-26C09256B602}.Release|Any CPU.ActiveCfg = Release|Any CPU
		{FFD76EE6-94BB-4D3A-8745-26C09256B602}.Release|Any CPU.Build.0 = Release|Any CPU
		{FB28FE71-C4A8-4E72-949F-4ABF3809E2C6}.Debug|Any CPU.ActiveCfg = Debug|Any CPU
		{FB28FE71-C4A8-4E72-949F-4ABF3809E2C6}.Debug|Any CPU.Build.0 = Debug|Any CPU
		{FB28FE71-C4A8-4E72-949F-4ABF3809E2C6}.Release|Any CPU.ActiveCfg = Release|Any CPU
		{FB28FE71-C4A8-4E72-949F-4ABF3809E2C6}.Release|Any CPU.Build.0 = Release|Any CPU
	EndGlobalSection
EndGlobal
